%{"cberl": {:git, "git://github.com/chitika/cberl.git", "00c4a4b2b9a7f5054f69303b0be64a5266e8de3a", []},
  "jazz": {:git, "git://github.com/meh/jazz.git", "d88a861644113b8ba335ff6a54fb059519566365", [tag: "v0.1.2"]},
  "jiffy": {:git, "https://github.com/davisp/jiffy.git", "2dbf89f51c547914e994f51457140df9e9a1ca83", [branch: "master"]},
  "poolboy": {:git, "https://github.com/devinus/poolboy.git", "17d1582533af5c076117e2e1270f4b43faa02f12", [branch: "master"]}}
